// !$*UTF8*$!
{
	archiveVersion = 1;
	classes = {
	};
	objectVersion = 56;
	objects = {

/* Begin PBXBuildFile section */
		A16318AC2ADA8E7A00353CE1 /* FeedsAppApp.swift in Sources */ = {isa = PBXBuildFile; fileRef = A16318AB2ADA8E7A00353CE1 /* FeedsAppApp.swift */; };
		A16318AE2ADA8E7A00353CE1 /* ContentView.swift in Sources */ = {isa = PBXBuildFile; fileRef = A16318AD2ADA8E7A00353CE1 /* ContentView.swift */; };
		A16318B02ADA8E7C00353CE1 /* Assets.xcassets in Resources */ = {isa = PBXBuildFile; fileRef = A16318AF2ADA8E7C00353CE1 /* Assets.xcassets */; };
		A16318B32ADA8E7C00353CE1 /* Preview Assets.xcassets in Resources */ = {isa = PBXBuildFile; fileRef = A16318B22ADA8E7C00353CE1 /* Preview Assets.xcassets */; };
		A16318BC2ADA8F0000353CE1 /* HomeView.swift in Sources */ = {isa = PBXBuildFile; fileRef = A16318BB2ADA8F0000353CE1 /* HomeView.swift */; };
		A16318BF2ADA8F9800353CE1 /* FeedsView.swift in Sources */ = {isa = PBXBuildFile; fileRef = A16318BE2ADA8F9800353CE1 /* FeedsView.swift */; };
		A16318C12ADA918700353CE1 /* FeedItem.swift in Sources */ = {isa = PBXBuildFile; fileRef = A16318C02ADA918700353CE1 /* FeedItem.swift */; };
		A16318C32ADA991500353CE1 /* HomeViewModel.swift in Sources */ = {isa = PBXBuildFile; fileRef = A16318C22ADA991500353CE1 /* HomeViewModel.swift */; };
		A16318C52ADA9A4000353CE1 /* FeedImage.swift in Sources */ = {isa = PBXBuildFile; fileRef = A16318C42ADA9A4000353CE1 /* FeedImage.swift */; };
		A16318C82ADAA34600353CE1 /* Kingfisher in Frameworks */ = {isa = PBXBuildFile; productRef = A16318C72ADAA34600353CE1 /* Kingfisher */; };
/* End PBXBuildFile section */

/* Begin PBXFileReference section */
		A16318A82ADA8E7A00353CE1 /* FeedsApp.app */ = {isa = PBXFileReference; explicitFileType = wrapper.application; includeInIndex = 0; path = FeedsApp.app; sourceTree = BUILT_PRODUCTS_DIR; };
		A16318AB2ADA8E7A00353CE1 /* FeedsAppApp.swift */ = {isa = PBXFileReference; lastKnownFileType = sourcecode.swift; path = FeedsAppApp.swift; sourceTree = "<group>"; };
		A16318AD2ADA8E7A00353CE1 /* ContentView.swift */ = {isa = PBXFileReference; lastKnownFileType = sourcecode.swift; path = ContentView.swift; sourceTree = "<group>"; };
		A16318AF2ADA8E7C00353CE1 /* Assets.xcassets */ = {isa = PBXFileReference; lastKnownFileType = folder.assetcatalog; path = Assets.xcassets; sourceTree = "<group>"; };
		A16318B22ADA8E7C00353CE1 /* Preview Assets.xcassets */ = {isa = PBXFileReference; lastKnownFileType = folder.assetcatalog; path = "Preview Assets.xcassets"; sourceTree = "<group>"; };
		A16318BB2ADA8F0000353CE1 /* HomeView.swift */ = {isa = PBXFileReference; lastKnownFileType = sourcecode.swift; path = HomeView.swift; sourceTree = "<group>"; };
		A16318BE2ADA8F9800353CE1 /* FeedsView.swift */ = {isa = PBXFileReference; lastKnownFileType = sourcecode.swift; path = FeedsView.swift; sourceTree = "<group>"; };
		A16318C02ADA918700353CE1 /* FeedItem.swift */ = {isa = PBXFileReference; lastKnownFileType = sourcecode.swift; path = FeedItem.swift; sourceTree = "<group>"; };
		A16318C22ADA991500353CE1 /* HomeViewModel.swift */ = {isa = PBXFileReference; lastKnownFileType = sourcecode.swift; path = HomeViewModel.swift; sourceTree = "<group>"; };
		A16318C42ADA9A4000353CE1 /* FeedImage.swift */ = {isa = PBXFileReference; lastKnownFileType = sourcecode.swift; path = FeedImage.swift; sourceTree = "<group>"; };
/* End PBXFileReference section */

/* Begin PBXFrameworksBuildPhase section */
		A16318A52ADA8E7A00353CE1 /* Frameworks */ = {
			isa = PBXFrameworksBuildPhase;
			buildActionMask = 2147483647;
			files = (
				A16318C82ADAA34600353CE1 /* Kingfisher in Frameworks */,
			);
			runOnlyForDeploymentPostprocessing = 0;
		};
/* End PBXFrameworksBuildPhase section */

/* Begin PBXGroup section */
		A163189F2ADA8E7A00353CE1 = {
			isa = PBXGroup;
			children = (
				A16318AA2ADA8E7A00353CE1 /* FeedsApp */,
				A16318A92ADA8E7A00353CE1 /* Products */,
			);
			sourceTree = "<group>";
		};
		A16318A92ADA8E7A00353CE1 /* Products */ = {
			isa = PBXGroup;
			children = (
				A16318A82ADA8E7A00353CE1 /* FeedsApp.app */,
			);
			name = Products;
			sourceTree = "<group>";
		};
		A16318AA2ADA8E7A00353CE1 /* FeedsApp */ = {
			isa = PBXGroup;
			children = (
				A16318BD2ADA8F3D00353CE1 /* ViewModel */,
				A16318B92ADA8EE400353CE1 /* Core */,
				A16318AB2ADA8E7A00353CE1 /* FeedsAppApp.swift */,
				A16318AD2ADA8E7A00353CE1 /* ContentView.swift */,
				A16318AF2ADA8E7C00353CE1 /* Assets.xcassets */,
				A16318B12ADA8E7C00353CE1 /* Preview Content */,
			);
			path = FeedsApp;
			sourceTree = "<group>";
		};
		A16318B12ADA8E7C00353CE1 /* Preview Content */ = {
			isa = PBXGroup;
			children = (
				A16318B22ADA8E7C00353CE1 /* Preview Assets.xcassets */,
			);
			path = "Preview Content";
			sourceTree = "<group>";
		};
		A16318B92ADA8EE400353CE1 /* Core */ = {
			isa = PBXGroup;
			children = (
				A16318BA2ADA8EF000353CE1 /* Home */,
			);
			path = Core;
			sourceTree = "<group>";
		};
		A16318BA2ADA8EF000353CE1 /* Home */ = {
			isa = PBXGroup;
			children = (
				A16318BE2ADA8F9800353CE1 /* FeedsView.swift */,
				A16318C02ADA918700353CE1 /* FeedItem.swift */,
				A16318BB2ADA8F0000353CE1 /* HomeView.swift */,
			);
			path = Home;
			sourceTree = "<group>";
		};
		A16318BD2ADA8F3D00353CE1 /* ViewModel */ = {
			isa = PBXGroup;
			children = (
				A16318C22ADA991500353CE1 /* HomeViewModel.swift */,
				A16318C42ADA9A4000353CE1 /* FeedImage.swift */,
			);
			path = ViewModel;
			sourceTree = "<group>";
		};
/* End PBXGroup section */

/* Begin PBXNativeTarget section */
		A16318A72ADA8E7A00353CE1 /* FeedsApp */ = {
			isa = PBXNativeTarget;
			buildConfigurationList = A16318B62ADA8E7C00353CE1 /* Build configuration list for PBXNativeTarget "FeedsApp" */;
			buildPhases = (
				A16318A42ADA8E7A00353CE1 /* Sources */,
				A16318A52ADA8E7A00353CE1 /* Frameworks */,
				A16318A62ADA8E7A00353CE1 /* Resources */,
			);
			buildRules = (
			);
			dependencies = (
			);
			name = FeedsApp;
			packageProductDependencies = (
				A16318C72ADAA34600353CE1 /* Kingfisher */,
			);
			productName = FeedsApp;
			productReference = A16318A82ADA8E7A00353CE1 /* FeedsApp.app */;
			productType = "com.apple.product-type.application";
		};
/* End PBXNativeTarget section */

/* Begin PBXProject section */
		A16318A02ADA8E7A00353CE1 /* Project object */ = {
			isa = PBXProject;
			attributes = {
				BuildIndependentTargetsInParallel = 1;
				LastSwiftUpdateCheck = 1500;
				LastUpgradeCheck = 1500;
				TargetAttributes = {
					A16318A72ADA8E7A00353CE1 = {
						CreatedOnToolsVersion = 15.0;
					};
				};
			};
			buildConfigurationList = A16318A32ADA8E7A00353CE1 /* Build configuration list for PBXProject "FeedsApp" */;
			compatibilityVersion = "Xcode 14.0";
			developmentRegion = en;
			hasScannedForEncodings = 0;
			knownRegions = (
				en,
				Base,
			);
			mainGroup = A163189F2ADA8E7A00353CE1;
			packageReferences = (
				A16318C62ADAA34600353CE1 /* XCRemoteSwiftPackageReference "Kingfisher" */,
			);
			productRefGroup = A16318A92ADA8E7A00353CE1 /* Products */;
			projectDirPath = "";
			projectRoot = "";
			targets = (
				A16318A72ADA8E7A00353CE1 /* FeedsApp */,
			);
		};
/* End PBXProject section */

/* Begin PBXResourcesBuildPhase section */
		A16318A62ADA8E7A00353CE1 /* Resources */ = {
			isa = PBXResourcesBuildPhase;
			buildActionMask = 2147483647;
			files = (
				A16318B32ADA8E7C00353CE1 /* Preview Assets.xcassets in Resources */,
				A16318B02ADA8E7C00353CE1 /* Assets.xcassets in Resources */,
			);
			runOnlyForDeploymentPostprocessing = 0;
		};
/* End PBXResourcesBuildPhase section */

/* Begin PBXSourcesBuildPhase section */
		A16318A42ADA8E7A00353CE1 /* Sources */ = {
			isa = PBXSourcesBuildPhase;
			buildActionMask = 2147483647;
			files = (
				A16318C52ADA9A4000353CE1 /* FeedImage.swift in Sources */,
				A16318BF2ADA8F9800353CE1 /* FeedsView.swift in Sources */,
				A16318C32ADA991500353CE1 /* HomeViewModel.swift in Sources */,
				A16318BC2ADA8F0000353CE1 /* HomeView.swift in Sources */,
				A16318AE2ADA8E7A00353CE1 /* ContentView.swift in Sources */,
				A16318C12ADA918700353CE1 /* FeedItem.swift in Sources */,
				A16318AC2ADA8E7A00353CE1 /* FeedsAppApp.swift in Sources */,
			);
			runOnlyForDeploymentPostprocessing = 0;
		};
/* End PBXSourcesBuildPhase section */

/* Begin XCBuildConfiguration section */
		A16318B42ADA8E7C00353CE1 /* Debug */ = {
			isa = XCBuildConfiguration;
			buildSettings = {
				ALWAYS_SEARCH_USER_PATHS = NO;
				ASSETCATALOG_COMPILER_GENERATE_SWIFT_ASSET_SYMBOL_EXTENSIONS = YES;
				CLANG_ANALYZER_NONNULL = YES;
				CLANG_ANALYZER_NUMBER_OBJECT_CONVERSION = YES_AGGRESSIVE;
				CLANG_CXX_LANGUAGE_STANDARD = "gnu++20";
				CLANG_ENABLE_MODULES = YES;
				CLANG_ENABLE_OBJC_ARC = YES;
				CLANG_ENABLE_OBJC_WEAK = YES;
				CLANG_WARN_BLOCK_CAPTURE_AUTORELEASING = YES;
				CLANG_WARN_BOOL_CONVERSION = YES;
				CLANG_WARN_COMMA = YES;
				CLANG_WARN_CONSTANT_CONVERSION = YES;
				CLANG_WARN_DEPRECATED_OBJC_IMPLEMENTATIONS = YES;
				CLANG_WARN_DIRECT_OBJC_ISA_USAGE = YES_ERROR;
				CLANG_WARN_DOCUMENTATION_COMMENTS = YES;
				CLANG_WARN_EMPTY_BODY = YES;
				CLANG_WARN_ENUM_CONVERSION = YES;
				CLANG_WARN_INFINITE_RECURSION = YES;
				CLANG_WARN_INT_CONVERSION = YES;
				CLANG_WARN_NON_LITERAL_NULL_CONVERSION = YES;
				CLANG_WARN_OBJC_IMPLICIT_RETAIN_SELF = YES;
				CLANG_WARN_OBJC_LITERAL_CONVERSION = YES;
				CLANG_WARN_OBJC_ROOT_CLASS = YES_ERROR;
				CLANG_WARN_QUOTED_INCLUDE_IN_FRAMEWORK_HEADER = YES;
				CLANG_WARN_RANGE_LOOP_ANALYSIS = YES;
				CLANG_WARN_STRICT_PROTOTYPES = YES;
				CLANG_WARN_SUSPICIOUS_MOVE = YES;
				CLANG_WARN_UNGUARDED_AVAILABILITY = YES_AGGRESSIVE;
				CLANG_WARN_UNREACHABLE_CODE = YES;
				CLANG_WARN__DUPLICATE_METHOD_MATCH = YES;
				COPY_PHASE_STRIP = NO;
				DEBUG_INFORMATION_FORMAT = dwarf;
				ENABLE_STRICT_OBJC_MSGSEND = YES;
				ENABLE_TESTABILITY = YES;
				ENABLE_USER_SCRIPT_SANDBOXING = YES;
				GCC_C_LANGUAGE_STANDARD = gnu17;
				GCC_DYNAMIC_NO_PIC = NO;
				GCC_NO_COMMON_BLOCKS = YES;
				GCC_OPTIMIZATION_LEVEL = 0;
				GCC_PREPROCESSOR_DEFINITIONS = (
					"DEBUG=1",
					"$(inherited)",
				);
				GCC_WARN_64_TO_32_BIT_CONVERSION = YES;
				GCC_WARN_ABOUT_RETURN_TYPE = YES_ERROR;
				GCC_WARN_UNDECLARED_SELECTOR = YES;
				GCC_WARN_UNINITIALIZED_AUTOS = YES_AGGRESSIVE;
				GCC_WARN_UNUSED_FUNCTION = YES;
				GCC_WARN_UNUSED_VARIABLE = YES;
				IPHONEOS_DEPLOYMENT_TARGET = 17.0;
				LOCALIZATION_PREFERS_STRING_CATALOGS = YES;
				MTL_ENABLE_DEBUG_INFO = INCLUDE_SOURCE;
				MTL_FAST_MATH = YES;
				ONLY_ACTIVE_ARCH = YES;
				SDKROOT = iphoneos;
				SWIFT_ACTIVE_COMPILATION_CONDITIONS = "DEBUG $(inherited)";
				SWIFT_OPTIMIZATION_LEVEL = "-Onone";
			};
			name = Debug;
		};
		A16318B52ADA8E7C00353CE1 /* Release */ = {
			isa = XCBuildConfiguration;
			buildSettings = {
				ALWAYS_SEARCH_USER_PATHS = NO;
				ASSETCATALOG_COMPILER_GENERATE_SWIFT_ASSET_SYMBOL_EXTENSIONS = YES;
				CLANG_ANALYZER_NONNULL = YES;
				CLANG_ANALYZER_NUMBER_OBJECT_CONVERSION = YES_AGGRESSIVE;
				CLANG_CXX_LANGUAGE_STANDARD = "gnu++20";
				CLANG_ENABLE_MODULES = YES;
				CLANG_ENABLE_OBJC_ARC = YES;
				CLANG_ENABLE_OBJC_WEAK = YES;
				CLANG_WARN_BLOCK_CAPTURE_AUTORELEASING = YES;
				CLANG_WARN_BOOL_CONVERSION = YES;
				CLANG_WARN_COMMA = YES;
				CLANG_WARN_CONSTANT_CONVERSION = YES;
				CLANG_WARN_DEPRECATED_OBJC_IMPLEMENTATIONS = YES;
				CLANG_WARN_DIRECT_OBJC_ISA_USAGE = YES_ERROR;
				CLANG_WARN_DOCUMENTATION_COMMENTS = YES;
				CLANG_WARN_EMPTY_BODY = YES;
				CLANG_WARN_ENUM_CONVERSION = YES;
				CLANG_WARN_INFINITE_RECURSION = YES;
				CLANG_WARN_INT_CONVERSION = YES;
				CLANG_WARN_NON_LITERAL_NULL_CONVERSION = YES;
				CLANG_WARN_OBJC_IMPLICIT_RETAIN_SELF = YES;
				CLANG_WARN_OBJC_LITERAL_CONVERSION = YES;
				CLANG_WARN_OBJC_ROOT_CLASS = YES_ERROR;
				CLANG_WARN_QUOTED_INCLUDE_IN_FRAMEWORK_HEADER = YES;
				CLANG_WARN_RANGE_LOOP_ANALYSIS = YES;
				CLANG_WARN_STRICT_PROTOTYPES = YES;
				CLANG_WARN_SUSPICIOUS_MOVE = YES;
				CLANG_WARN_UNGUARDED_AVAILABILITY = YES_AGGRESSIVE;
				CLANG_WARN_UNREACHABLE_CODE = YES;
				CLANG_WARN__DUPLICATE_METHOD_MATCH = YES;
				COPY_PHASE_STRIP = NO;
				DEBUG_INFORMATION_FORMAT = "dwarf-with-dsym";
				ENABLE_NS_ASSERTIONS = NO;
				ENABLE_STRICT_OBJC_MSGSEND = YES;
				ENABLE_USER_SCRIPT_SANDBOXING = YES;
				GCC_C_LANGUAGE_STANDARD = gnu17;
				GCC_NO_COMMON_BLOCKS = YES;
				GCC_WARN_64_TO_32_BIT_CONVERSION = YES;
				GCC_WARN_ABOUT_RETURN_TYPE = YES_ERROR;
				GCC_WARN_UNDECLARED_SELECTOR = YES;
				GCC_WARN_UNINITIALIZED_AUTOS = YES_AGGRESSIVE;
				GCC_WARN_UNUSED_FUNCTION = YES;
				GCC_WARN_UNUSED_VARIABLE = YES;
				IPHONEOS_DEPLOYMENT_TARGET = 17.0;
				LOCALIZATION_PREFERS_STRING_CATALOGS = YES;
				MTL_ENABLE_DEBUG_INFO = NO;
				MTL_FAST_MATH = YES;
				SDKROOT = iphoneos;
				SWIFT_COMPILATION_MODE = wholemodule;
				VALIDATE_PRODUCT = YES;
			};
			name = Release;
		};
		A16318B72ADA8E7C00353CE1 /* Debug */ = {
			isa = XCBuildConfiguration;
			buildSettings = {
				ASSETCATALOG_COMPILER_APPICON_NAME = AppIcon;
				ASSETCATALOG_COMPILER_GLOBAL_ACCENT_COLOR_NAME = AccentColor;
				CODE_SIGN_STYLE = Automatic;
				CURRENT_PROJECT_VERSION = 1;
				DEVELOPMENT_ASSET_PATHS = "\"FeedsApp/Preview Content\"";
				ENABLE_PREVIEWS = YES;
				GENERATE_INFOPLIST_FILE = YES;
				INFOPLIST_KEY_UIApplicationSceneManifest_Generation = YES;
				INFOPLIST_KEY_UIApplicationSupportsIndirectInputEvents = YES;
				INFOPLIST_KEY_UILaunchScreen_Generation = YES;
				INFOPLIST_KEY_UISupportedInterfaceOrientations_iPad = "UIInterfaceOrientationPortrait UIInterfaceOrientationPortraitUpsideDown UIInterfaceOrientationLandscapeLeft UIInterfaceOrientationLandscapeRight";
				INFOPLIST_KEY_UISupportedInterfaceOrientations_iPhone = "UIInterfaceOrientationPortrait UIInterfaceOrientationLandscapeLeft UIInterfaceOrientationLandscapeRight";
				LD_RUNPATH_SEARCH_PATHS = (
					"$(inherited)",
					"@executable_path/Frameworks",
				);
				MARKETING_VERSION = 1.0;
				PRODUCT_BUNDLE_IDENTIFIER = noorg.FeedsApp;
				PRODUCT_NAME = "$(TARGET_NAME)";
				SWIFT_EMIT_LOC_STRINGS = YES;
				SWIFT_VERSION = 5.0;
				TARGETED_DEVICE_FAMILY = "1,2";
			};
			name = Debug;
		};
		A16318B82ADA8E7C00353CE1 /* Release */ = {
			isa = XCBuildConfiguration;
			buildSettings = {
				ASSETCATALOG_COMPILER_APPICON_NAME = AppIcon;
				ASSETCATALOG_COMPILER_GLOBAL_ACCENT_COLOR_NAME = AccentColor;
				CODE_SIGN_STYLE = Automatic;
				CURRENT_PROJECT_VERSION = 1;
				DEVELOPMENT_ASSET_PATHS = "\"FeedsApp/Preview Content\"";
				ENABLE_PREVIEWS = YES;
				GENERATE_INFOPLIST_FILE = YES;
				INFOPLIST_KEY_UIApplicationSceneManifest_Generation = YES;
				INFOPLIST_KEY_UIApplicationSupportsIndirectInputEvents = YES;
				INFOPLIST_KEY_UILaunchScreen_Generation = YES;
				INFOPLIST_KEY_UISupportedInterfaceOrientations_iPad = "UIInterfaceOrientationPortrait UIInterfaceOrientationPortraitUpsideDown UIInterfaceOrientationLandscapeLeft UIInterfaceOrientationLandscapeRight";
				INFOPLIST_KEY_UISupportedInterfaceOrientations_iPhone = "UIInterfaceOrientationPortrait UIInterfaceOrientationLandscapeLeft UIInterfaceOrientationLandscapeRight";
				LD_RUNPATH_SEARCH_PATHS = (
					"$(inherited)",
					"@executable_path/Frameworks",
				);
				MARKETING_VERSION = 1.0;
				PRODUCT_BUNDLE_IDENTIFIER = noorg.FeedsApp;
				PRODUCT_NAME = "$(TARGET_NAME)";
				SWIFT_EMIT_LOC_STRINGS = YES;
				SWIFT_VERSION = 5.0;
				TARGETED_DEVICE_FAMILY = "1,2";
			};
			name = Release;
		};
/* End XCBuildConfiguration section */

/* Begin XCConfigurationList section */
		A16318A32ADA8E7A00353CE1 /* Build configuration list for PBXProject "FeedsApp" */ = {
			isa = XCConfigurationList;
			buildConfigurations = (
				A16318B42ADA8E7C00353CE1 /* Debug */,
				A16318B52ADA8E7C00353CE1 /* Release */,
			);
			defaultConfigurationIsVisible = 0;
			defaultConfigurationName = Release;
		};
		A16318B62ADA8E7C00353CE1 /* Build configuration list for PBXNativeTarget "FeedsApp" */ = {
			isa = XCConfigurationList;
			buildConfigurations = (
				A16318B72ADA8E7C00353CE1 /* Debug */,
				A16318B82ADA8E7C00353CE1 /* Release */,
			);
			defaultConfigurationIsVisible = 0;
			defaultConfigurationName = Release;
		};
/* End XCConfigurationList section */

/* Begin XCRemoteSwiftPackageReference section */
		A16318C62ADAA34600353CE1 /* XCRemoteSwiftPackageReference "Kingfisher" */ = {
			isa = XCRemoteSwiftPackageReference;
			repositoryURL = "https://github.com/onevcat/Kingfisher.git";
			requirement = {
				kind = upToNextMajorVersion;
				minimumVersion = 7.9.1;
			};
		};
/* End XCRemoteSwiftPackageReference section */

/* Begin XCSwiftPackageProductDependency section */
		A16318C72ADAA34600353CE1 /* Kingfisher */ = {
			isa = XCSwiftPackageProductDependency;
			package = A16318C62ADAA34600353CE1 /* XCRemoteSwiftPackageReference "Kingfisher" */;
			productName = Kingfisher;
		};
/* End XCSwiftPackageProductDependency section */
	};
	rootObject = A16318A02ADA8E7A00353CE1 /* Project object */;
}
